
Microsoft Visual Studio Solution File, Format Version 12.00
# Visual Studio 15
VisualStudioVersion = 15.0.27703.2035
MinimumVisualStudioVersion = 10.0.40219.1
Project("{FAE04EC0-301F-11D3-BF4B-00C04F79EFBC}") = "City Builder", "City Builder\City Builder.csproj", "{42286335-33E5-43E2-8F4D-E16B26D4D5A4}"
EndProject
Global
	GlobalSection(SolutionConfigurationPlatforms) = preSolution
		Debug|Any CPU = Debug|Any CPU
		Release|Any CPU = Release|Any CPU
	EndGlobalSection
	GlobalSection(ProjectConfigurationPlatforms) = postSolution
		{42286335-33E5-43E2-8F4D-E16B26D4D5A4}.Debug|Any CPU.ActiveCfg = Debug|Any CPU
		{42286335-33E5-43E2-8F4D-E16B26D4D5A4}.Debug|Any CPU.Build.0 = Debug|Any CPU
		{42286335-33E5-43E2-8F4D-E16B26D4D5A4}.Release|Any CPU.ActiveCfg = Release|Any CPU
		{42286335-33E5-43E2-8F4D-E16B26D4D5A4}.Release|Any CPU.Build.0 = Release|Any CPU
	EndGlobalSection
	GlobalSection(SolutionProperties) = preSolution
		HideSolutionNode = FALSE
	EndGlobalSection
	GlobalSection(ExtensibilityGlobals) = postSolution
		SolutionGuid = {CFD81FA2-CE71-4F12-99E2-3559D57BC875}
	EndGlobalSection
EndGlobal
